{
  "object": {
    "pins": [
      {
        "package": "Clang_C",
        "repositoryURL": "https://github.com/norio-nomura/Clang_C.git",
        "state": {
          "branch": null,
          "revision": "7b7d3eed8080d14ba39c50e29fa8c7b051bcf969",
          "version": "1.0.3"
        }
      },
      {
        "package": "Commandant",
        "repositoryURL": "https://github.com/Carthage/Commandant.git",
        "state": {
          "branch": null,
          "revision": "7f29606ec3a2054a601f0e72f562a104dbc1a11a",
          "version": "0.13.0"
        }
      },
      {
        "package": "Nimble",
        "repositoryURL": "https://github.com/Quick/Nimble.git",
        "state": {
          "branch": null,
          "revision": "21f4fed2052cea480f5f1d2044d45aa25fdfb988",
          "version": "7.1.1"
        }
      },
      {
        "package": "Quick",
        "repositoryURL": "https://github.com/Quick/Quick.git",
        "state": {
          "branch": null,
          "revision": "3e3023569c8d4c4a0d000f58db765df53041117f",
          "version": "1.3.0"
        }
      },
      {
        "package": "Result",
        "repositoryURL": "https://github.com/antitypical/Result.git",
        "state": {
          "branch": null,
          "revision": "7477584259bfce2560a19e06ad9f71db441fff11",
          "version": "3.2.4"
        }
      },
      {
        "package": "SourceKit",
        "repositoryURL": "https://github.com/norio-nomura/SourceKit.git",
        "state": {
          "branch": null,
          "revision": "18eaa67ca44443bbe39646916792b9f0c98dbaa1",
          "version": "1.0.1"
        }
      },
      {
        "package": "SWXMLHash",
        "repositoryURL": "https://github.com/drmohundro/SWXMLHash.git",
        "state": {
          "branch": null,
          "revision": "2211b35c2e0e8b08493f86ba52b26e530cabb751",
          "version": "4.7.0"
        }
      },
      {
        "package": "Yams",
        "repositoryURL": "https://github.com/jpsim/Yams.git",
        "state": {
          "branch": null,
          "revision": "618582e09699b577fa183bab7d88e3ee7d9a1d19",
          "version": "1.0.0"
        }
      }
    ]
  },
  "version": 1
}
